
Microsoft Visual Studio Solution File, Format Version 12.00
# Visual Studio Version 17
VisualStudioVersion = 17.8.34330.188
MinimumVisualStudioVersion = 10.0.40219.1
Project("{FAE04EC0-301F-11D3-BF4B-00C04F79EFBC}") = "Atividade 16", "Atividade 16\Atividade 16.csproj", "{0C9A83FC-7B70-407C-96AB-76D47AD8813D}"
EndProject
Project("{9A19103F-16F7-4668-BE54-9A1E7A4F7556}") = "Atividade 15", "..\Atividade 15\Atividade 15\Atividade 15.csproj", "{050A63AC-E364-4054-BA9A-3FA951A184F3}"
EndProject
Global
	GlobalSection(SolutionConfigurationPlatforms) = preSolution
		Debug|Any CPU = Debug|Any CPU
		Release|Any CPU = Release|Any CPU
	EndGlobalSection
	GlobalSection(ProjectConfigurationPlatforms) = postSolution
		{0C9A83FC-7B70-407C-96AB-76D47AD8813D}.Debug|Any CPU.ActiveCfg = Debug|Any CPU
		{0C9A83FC-7B70-407C-96AB-76D47AD8813D}.Debug|Any CPU.Build.0 = Debug|Any CPU
		{0C9A83FC-7B70-407C-96AB-76D47AD8813D}.Release|Any CPU.ActiveCfg = Release|Any CPU
		{0C9A83FC-7B70-407C-96AB-76D47AD8813D}.Release|Any CPU.Build.0 = Release|Any CPU
		{050A63AC-E364-4054-BA9A-3FA951A184F3}.Debug|Any CPU.ActiveCfg = Debug|Any CPU
		{050A63AC-E364-4054-BA9A-3FA951A184F3}.Debug|Any CPU.Build.0 = Debug|Any CPU
		{050A63AC-E364-4054-BA9A-3FA951A184F3}.Release|Any CPU.ActiveCfg = Release|Any CPU
		{050A63AC-E364-4054-BA9A-3FA951A184F3}.Release|Any CPU.Build.0 = Release|Any CPU
	EndGlobalSection
	GlobalSection(SolutionProperties) = preSolution
		HideSolutionNode = FALSE
	EndGlobalSection
	GlobalSection(ExtensibilityGlobals) = postSolution
		SolutionGuid = {BB9DC66B-D39C-4451-AE71-7941D88545EA}
	EndGlobalSection
EndGlobal
