
Microsoft Visual Studio Solution File, Format Version 12.00
# Visual Studio Version 17
VisualStudioVersion = 17.8.34330.188
MinimumVisualStudioVersion = 10.0.40219.1
Project("{FAE04EC0-301F-11D3-BF4B-00C04F79EFBC}") = "Atividade 14", "Atividade 14\Atividade 14.csproj", "{0CFC5D4E-76F3-4471-900E-9B63D1E87CC3}"
EndProject
Project("{9A19103F-16F7-4668-BE54-9A1E7A4F7556}") = "09 - DoWhile", "..\..\Introdução C#\09 - DoWhile\09 - DoWhile\09 - DoWhile.csproj", "{5DF262E3-E4AC-487E-BB52-EC2BC548E1E0}"
EndProject
Project("{9A19103F-16F7-4668-BE54-9A1E7A4F7556}") = "Atividade 13", "..\Atividade 13\Atividade 13\Atividade 13.csproj", "{4AA5DE52-37D6-47FC-B3C6-06BC3238CC41}"
EndProject
Project("{9A19103F-16F7-4668-BE54-9A1E7A4F7556}") = "Atividade 11", "..\Atividade 11\Atividade 11\Atividade 11.csproj", "{05FEA8F1-F38E-49EB-ADEC-B713B4148DA3}"
EndProject
Global
	GlobalSection(SolutionConfigurationPlatforms) = preSolution
		Debug|Any CPU = Debug|Any CPU
		Release|Any CPU = Release|Any CPU
	EndGlobalSection
	GlobalSection(ProjectConfigurationPlatforms) = postSolution
		{0CFC5D4E-76F3-4471-900E-9B63D1E87CC3}.Debug|Any CPU.ActiveCfg = Debug|Any CPU
		{0CFC5D4E-76F3-4471-900E-9B63D1E87CC3}.Debug|Any CPU.Build.0 = Debug|Any CPU
		{0CFC5D4E-76F3-4471-900E-9B63D1E87CC3}.Release|Any CPU.ActiveCfg = Release|Any CPU
		{0CFC5D4E-76F3-4471-900E-9B63D1E87CC3}.Release|Any CPU.Build.0 = Release|Any CPU
		{5DF262E3-E4AC-487E-BB52-EC2BC548E1E0}.Debug|Any CPU.ActiveCfg = Debug|Any CPU
		{5DF262E3-E4AC-487E-BB52-EC2BC548E1E0}.Debug|Any CPU.Build.0 = Debug|Any CPU
		{5DF262E3-E4AC-487E-BB52-EC2BC548E1E0}.Release|Any CPU.ActiveCfg = Release|Any CPU
		{5DF262E3-E4AC-487E-BB52-EC2BC548E1E0}.Release|Any CPU.Build.0 = Release|Any CPU
		{4AA5DE52-37D6-47FC-B3C6-06BC3238CC41}.Debug|Any CPU.ActiveCfg = Debug|Any CPU
		{4AA5DE52-37D6-47FC-B3C6-06BC3238CC41}.Debug|Any CPU.Build.0 = Debug|Any CPU
		{4AA5DE52-37D6-47FC-B3C6-06BC3238CC41}.Release|Any CPU.ActiveCfg = Release|Any CPU
		{4AA5DE52-37D6-47FC-B3C6-06BC3238CC41}.Release|Any CPU.Build.0 = Release|Any CPU
		{05FEA8F1-F38E-49EB-ADEC-B713B4148DA3}.Debug|Any CPU.ActiveCfg = Debug|Any CPU
		{05FEA8F1-F38E-49EB-ADEC-B713B4148DA3}.Debug|Any CPU.Build.0 = Debug|Any CPU
		{05FEA8F1-F38E-49EB-ADEC-B713B4148DA3}.Release|Any CPU.ActiveCfg = Release|Any CPU
		{05FEA8F1-F38E-49EB-ADEC-B713B4148DA3}.Release|Any CPU.Build.0 = Release|Any CPU
	EndGlobalSection
	GlobalSection(SolutionProperties) = preSolution
		HideSolutionNode = FALSE
	EndGlobalSection
	GlobalSection(ExtensibilityGlobals) = postSolution
		SolutionGuid = {C58B2731-75C0-451A-8C8D-248AA7EB3216}
	EndGlobalSection
EndGlobal
