
Microsoft Visual Studio Solution File, Format Version 12.00
# Visual Studio Version 17
VisualStudioVersion = 17.8.34330.188
MinimumVisualStudioVersion = 10.0.40219.1
Project("{9A19103F-16F7-4668-BE54-9A1E7A4F7556}") = "Atividade 10", "Atividade 10\Atividade 10.csproj", "{803EE842-1CCD-4E7F-82A8-93DBCB8BFC61}"
EndProject
Project("{9A19103F-16F7-4668-BE54-9A1E7A4F7556}") = "11 - Switch", "..\..\Introdução C#\11 - Switch\11 - Switch\11 - Switch.csproj", "{00A5639F-A523-4EE5-9653-51487146B814}"
EndProject
Global
	GlobalSection(SolutionConfigurationPlatforms) = preSolution
		Debug|Any CPU = Debug|Any CPU
		Release|Any CPU = Release|Any CPU
	EndGlobalSection
	GlobalSection(ProjectConfigurationPlatforms) = postSolution
		{803EE842-1CCD-4E7F-82A8-93DBCB8BFC61}.Debug|Any CPU.ActiveCfg = Debug|Any CPU
		{803EE842-1CCD-4E7F-82A8-93DBCB8BFC61}.Debug|Any CPU.Build.0 = Debug|Any CPU
		{803EE842-1CCD-4E7F-82A8-93DBCB8BFC61}.Release|Any CPU.ActiveCfg = Release|Any CPU
		{803EE842-1CCD-4E7F-82A8-93DBCB8BFC61}.Release|Any CPU.Build.0 = Release|Any CPU
		{00A5639F-A523-4EE5-9653-51487146B814}.Debug|Any CPU.ActiveCfg = Debug|Any CPU
		{00A5639F-A523-4EE5-9653-51487146B814}.Debug|Any CPU.Build.0 = Debug|Any CPU
		{00A5639F-A523-4EE5-9653-51487146B814}.Release|Any CPU.ActiveCfg = Release|Any CPU
		{00A5639F-A523-4EE5-9653-51487146B814}.Release|Any CPU.Build.0 = Release|Any CPU
	EndGlobalSection
	GlobalSection(SolutionProperties) = preSolution
		HideSolutionNode = FALSE
	EndGlobalSection
	GlobalSection(ExtensibilityGlobals) = postSolution
		SolutionGuid = {AF92F5A1-355B-4E4A-AA7F-60AA3D0816AE}
	EndGlobalSection
EndGlobal
