
Microsoft Visual Studio Solution File, Format Version 12.00
# Visual Studio Version 17
VisualStudioVersion = 17.8.34330.188
MinimumVisualStudioVersion = 10.0.40219.1
Project("{FAE04EC0-301F-11D3-BF4B-00C04F79EFBC}") = "Atividade 02", "Atividade 02\Atividade 02.csproj", "{FC9AF02A-05D0-4C55-9776-5B29A02502D3}"
EndProject
Project("{9A19103F-16F7-4668-BE54-9A1E7A4F7556}") = "04 - Operadores Matematicos", "..\..\Introdução C#\04 - Operadores Matematicos\04 - Operadores Matematicos\04 - Operadores Matematicos.csproj", "{878E4B37-0975-4FF0-AE02-E41F94037C57}"
EndProject
Global
	GlobalSection(SolutionConfigurationPlatforms) = preSolution
		Debug|Any CPU = Debug|Any CPU
		Release|Any CPU = Release|Any CPU
	EndGlobalSection
	GlobalSection(ProjectConfigurationPlatforms) = postSolution
		{FC9AF02A-05D0-4C55-9776-5B29A02502D3}.Debug|Any CPU.ActiveCfg = Debug|Any CPU
		{FC9AF02A-05D0-4C55-9776-5B29A02502D3}.Debug|Any CPU.Build.0 = Debug|Any CPU
		{FC9AF02A-05D0-4C55-9776-5B29A02502D3}.Release|Any CPU.ActiveCfg = Release|Any CPU
		{FC9AF02A-05D0-4C55-9776-5B29A02502D3}.Release|Any CPU.Build.0 = Release|Any CPU
		{878E4B37-0975-4FF0-AE02-E41F94037C57}.Debug|Any CPU.ActiveCfg = Debug|Any CPU
		{878E4B37-0975-4FF0-AE02-E41F94037C57}.Debug|Any CPU.Build.0 = Debug|Any CPU
		{878E4B37-0975-4FF0-AE02-E41F94037C57}.Release|Any CPU.ActiveCfg = Release|Any CPU
		{878E4B37-0975-4FF0-AE02-E41F94037C57}.Release|Any CPU.Build.0 = Release|Any CPU
	EndGlobalSection
	GlobalSection(SolutionProperties) = preSolution
		HideSolutionNode = FALSE
	EndGlobalSection
	GlobalSection(ExtensibilityGlobals) = postSolution
		SolutionGuid = {0B505CC3-EAB6-4FF6-AAB6-8C7CF73E357A}
	EndGlobalSection
EndGlobal
